
Microsoft Visual Studio Solution File, Format Version 12.00
# Visual Studio Version 17
VisualStudioVersion = 17.11.35208.52
MinimumVisualStudioVersion = 10.0.40219.1
Project("{FAE04EC0-301F-11D3-BF4B-00C04F79EFBC}") = "Assignment_03_EF", "Assignment_03_EF.csproj", "{35A1F59B-098B-4B36-B99F-A04382EF179D}"
EndProject
Global
	GlobalSection(SolutionConfigurationPlatforms) = preSolution
		Debug|Any CPU = Debug|Any CPU
		Release|Any CPU = Release|Any CPU
	EndGlobalSection
	GlobalSection(ProjectConfigurationPlatforms) = postSolution
		{35A1F59B-098B-4B36-B99F-A04382EF179D}.Debug|Any CPU.ActiveCfg = Debug|Any CPU
		{35A1F59B-098B-4B36-B99F-A04382EF179D}.Debug|Any CPU.Build.0 = Debug|Any CPU
		{35A1F59B-098B-4B36-B99F-A04382EF179D}.Release|Any CPU.ActiveCfg = Release|Any CPU
		{35A1F59B-098B-4B36-B99F-A04382EF179D}.Release|Any CPU.Build.0 = Release|Any CPU
	EndGlobalSection
	GlobalSection(SolutionProperties) = preSolution
		HideSolutionNode = FALSE
	EndGlobalSection
	GlobalSection(ExtensibilityGlobals) = postSolution
		SolutionGuid = {B9B069C3-779F-4632-9FF9-C94A18E4C7AF}
	EndGlobalSection
EndGlobal
